
Microsoft Visual Studio Solution File, Format Version 12.00
# Visual Studio Version 17
VisualStudioVersion = 17.8.34511.84
MinimumVisualStudioVersion = 10.0.40219.1
Project("{FAE04EC0-301F-11D3-BF4B-00C04F79EFBC}") = "_ATV3_CJ3022641", "_ATV3_CJ3022641\_ATV3_CJ3022641.csproj", "{F7BDBFD2-46A3-411A-803E-0B4AE2ADAC73}"
EndProject
Global
	GlobalSection(SolutionConfigurationPlatforms) = preSolution
		Debug|Any CPU = Debug|Any CPU
		Release|Any CPU = Release|Any CPU
	EndGlobalSection
	GlobalSection(ProjectConfigurationPlatforms) = postSolution
		{F7BDBFD2-46A3-411A-803E-0B4AE2ADAC73}.Debug|Any CPU.ActiveCfg = Debug|Any CPU
		{F7BDBFD2-46A3-411A-803E-0B4AE2ADAC73}.Debug|Any CPU.Build.0 = Debug|Any CPU
		{F7BDBFD2-46A3-411A-803E-0B4AE2ADAC73}.Release|Any CPU.ActiveCfg = Release|Any CPU
		{F7BDBFD2-46A3-411A-803E-0B4AE2ADAC73}.Release|Any CPU.Build.0 = Release|Any CPU
	EndGlobalSection
	GlobalSection(SolutionProperties) = preSolution
		HideSolutionNode = FALSE
	EndGlobalSection
	GlobalSection(ExtensibilityGlobals) = postSolution
		SolutionGuid = {799B3F7B-E320-4032-B001-D3D6E96E1306}
	EndGlobalSection
EndGlobal
